Microsoft Visual Studio Solution File, Format Version 12.00
# Visual Studio 14
VisualStudioVersion = 14.0.25420.1
MinimumVisualStudioVersion = 10.0.40219.1
Project("{F184B08F-C81C-45F6-A57F-5ABD9991F28F}") = "Inecom SDK Reporting Package", "Inecom SDK Reporting Package.vbproj", "{3ABA7DF6-8F66-4A09-9979-164CB51B7DEF}"
EndProject
Global
	GlobalSection(SolutionConfigurationPlatforms) = preSolution
		Debug|Any CPU = Debug|Any CPU
		Debug|x64 = Debug|x64
		Debug|x86 = Debug|x86
		Release|Any CPU = Release|Any CPU
		Release|x64 = Release|x64
		Release|x86 = Release|x86
	EndGlobalSection
	GlobalSection(ProjectConfigurationPlatforms) = postSolution
		{3ABA7DF6-8F66-4A09-9979-164CB51B7DEF}.Debug|Any CPU.ActiveCfg = Debug|Any CPU
		{3ABA7DF6-8F66-4A09-9979-164CB51B7DEF}.Debug|Any CPU.Build.0 = Debug|Any CPU
		{3ABA7DF6-8F66-4A09-9979-164CB51B7DEF}.Debug|x64.ActiveCfg = Debug|x64
		{3ABA7DF6-8F66-4A09-9979-164CB51B7DEF}.Debug|x64.Build.0 = Debug|x64
		{3ABA7DF6-8F66-4A09-9979-164CB51B7DEF}.Debug|x86.ActiveCfg = Debug|x86
		{3ABA7DF6-8F66-4A09-9979-164CB51B7DEF}.Debug|x86.Build.0 = Debug|x86
		{3ABA7DF6-8F66-4A09-9979-164CB51B7DEF}.Release|Any CPU.ActiveCfg = Release|Any CPU
		{3ABA7DF6-8F66-4A09-9979-164CB51B7DEF}.Release|Any CPU.Build.0 = Release|Any CPU
		{3ABA7DF6-8F66-4A09-9979-164CB51B7DEF}.Release|x64.ActiveCfg = Release|x64
		{3ABA7DF6-8F66-4A09-9979-164CB51B7DEF}.Release|x64.Build.0 = Release|x64
		{3ABA7DF6-8F66-4A09-9979-164CB51B7DEF}.Release|x86.ActiveCfg = Release|x86
		{3ABA7DF6-8F66-4A09-9979-164CB51B7DEF}.Release|x86.Build.0 = Release|x86
	EndGlobalSection
	GlobalSection(SolutionProperties) = preSolution
		HideSolutionNode = FALSE
	EndGlobalSection
EndGlobal
